{
    "_meta": {
        "hash": {
            "sha256": "8947434fb6b6468c7fc6663decf985a155aa8b96544689f844f7f1ea8f839009"
        },
        "pipfile-spec": 6,
        "requires": {
            "python_version": "3.10"
        },
        "sources": [
            {
                "name": "pypi",
                "url": "https://pypi.org/simple",
                "verify_ssl": true
            }
        ]
    },
    "default": {
        "asgiref": {
            "hashes": [
                "sha256:3e1e3ecc849832fe52ccf2cb6686b7a55f82bb1d6aee72a58826471390335e47",
                "sha256:c343bd80a0bec947a9860adb4c432ffa7db769836c64238fc34bdc3fec84d590"
            ],
            "markers": "python_version >= '3.8'",
            "version": "==3.8.1"
        },
        "datetime": {
            "hashes": [
                "sha256:0abf6c51cb4ba7cee775ca46ccc727f3afdde463be28dbbe8803631fefd4a120",
                "sha256:21ec6331f87a7fcb57bd7c59e8a68bfffe6fcbf5acdbbc7b356d6a9a020191d3"
            ],
            "index": "pypi",
            "markers": "python_version >= '3.7'",
            "version": "==5.5"
        },
        "django": {
            "hashes": [
                "sha256:5c7d748ad113a81b2d44750ccc41edc14e933f56581683db548c9257e078cc83",
                "sha256:5fb37580dcf4a262f9258c1f4373819aacca906431f505e4688e37f3a99195df"
            ],
            "index": "pypi",
            "markers": "python_version >= '3.10'",
            "version": "==5.0.3"
        },
        "django-filter": {
            "hashes": [
                "sha256:48e5fc1da3ccd6ca0d5f9bb550973518ce977a4edde9d2a8a154a7f4f0b9f96e",
                "sha256:df2ee9857e18d38bed203c8745f62a803fa0f31688c9fe6f8e868120b1848e48"
            ],
            "index": "pypi",
            "markers": "python_version >= '3.8'",
            "version": "==24.2"
        },
        "django-rest-framework": {
            "hashes": [
                "sha256:47a8f496fa69e3b6bd79f68dd7a1527d907d6b77f009e9db7cf9bb21cc565e4a"
            ],
            "index": "pypi",
            "version": "==0.1.0"
        },
        "django-seed": {
            "hashes": [
                "sha256:93e65d2c10449c464b83e9031be02763ec10e786aa064d649c4dd5ad06fa0eea"
            ],
            "index": "pypi",
            "version": "==0.3.1"
        },
        "djangorestframework": {
            "hashes": [
                "sha256:3ccc0475bce968608cf30d07fb17d8e52d1d7fc8bfe779c905463200750cbca6",
                "sha256:f88fad74183dfc7144b2756d0d2ac716ea5b4c7c9840995ac3bfd8ec034333c1"
            ],
            "index": "pypi",
            "markers": "python_version >= '3.6'",
            "version": "==3.15.1"
        },
        "faker": {
            "hashes": [
                "sha256:998c29ee7d64429bd59204abffa9ba11f784fb26c7b9df4def78d1a70feb36a7",
                "sha256:a5ddccbe97ab691fad6bd8036c31f5697cfaa550e62e000078d1935fa8a7ec2e"
            ],
            "index": "pypi",
            "markers": "python_version >= '3.8'",
            "version": "==24.4.0"
        },
        "markdown": {
            "hashes": [
                "sha256:48f276f4d8cfb8ce6527c8f79e2ee29708508bf4d40aa410fbc3b4ee832c850f",
                "sha256:ed4f41f6daecbeeb96e576ce414c41d2d876daa9a16cb35fa8ed8c2ddfad0224"
            ],
            "index": "pypi",
            "markers": "python_version >= '3.8'",
            "version": "==3.6"
        },
        "psycopg2": {
            "hashes": [
                "sha256:121081ea2e76729acfb0673ff33755e8703d45e926e416cb59bae3a86c6a4981",
                "sha256:38a8dcc6856f569068b47de286b472b7c473ac7977243593a288ebce0dc89516",
                "sha256:426f9f29bde126913a20a96ff8ce7d73fd8a216cfb323b1f04da402d452853c3",
                "sha256:5e0d98cade4f0e0304d7d6f25bbfbc5bd186e07b38eac65379309c4ca3193efa",
                "sha256:7e2dacf8b009a1c1e843b5213a87f7c544b2b042476ed7755be813eaf4e8347a",
                "sha256:a7653d00b732afb6fc597e29c50ad28087dcb4fbfb28e86092277a559ae4e693",
                "sha256:ade01303ccf7ae12c356a5e10911c9e1c51136003a9a1d92f7aa9d010fb98372",
                "sha256:bac58c024c9922c23550af2a581998624d6e02350f4ae9c5f0bc642c633a2d5e",
                "sha256:c92811b2d4c9b6ea0285942b2e7cac98a59e166d59c588fe5cfe1eda58e72d59",
                "sha256:d1454bde93fb1e224166811694d600e746430c006fbb031ea06ecc2ea41bf156",
                "sha256:d735786acc7dd25815e89cc4ad529a43af779db2e25aa7c626de864127e5a024",
                "sha256:de80739447af31525feddeb8effd640782cf5998e1a4e9192ebdf829717e3913",
                "sha256:ff432630e510709564c01dafdbe996cb552e0b9f3f065eb89bdce5bd31fabf4c"
            ],
            "index": "pypi",
            "markers": "python_version >= '3.7'",
            "version": "==2.9.9"
        },
        "python-dateutil": {
            "hashes": [
                "sha256:37dd54208da7e1cd875388217d5e00ebd4179249f90fb72437e91a35459a0ad3",
                "sha256:a8b2bc7bffae282281c8140a97d3aa9c14da0b136dfe83f850eea9a5f7470427"
            ],
            "markers": "python_version >= '2.7' and python_version not in '3.0, 3.1, 3.2, 3.3'",
            "version": "==2.9.0.post0"
        },
        "pytz": {
            "hashes": [
                "sha256:2a29735ea9c18baf14b448846bde5a48030ed267578472d8955cd0e7443a9812",
                "sha256:328171f4e3623139da4983451950b28e95ac706e13f3f2630a879749e7a8b319"
            ],
            "index": "pypi",
            "version": "==2024.1"
        },
        "setuptools": {
            "hashes": [
                "sha256:0ff4183f8f42cd8fa3acea16c45205521a4ef28f73c6391d8a25e92893134f2e",
                "sha256:c21c49fb1042386df081cb5d86759792ab89efca84cf114889191cd09aacc80c"
            ],
            "markers": "python_version >= '3.8'",
            "version": "==69.2.0"
        },
        "six": {
            "hashes": [
                "sha256:1e61c37477a1626458e36f7b1d82aa5c9b094fa4802892072e49de9c60c4c926",
                "sha256:8abb2f1d86890a2dfb989f9a77cfcfd3e47c2a354b01111771326f8aa26e0254"
            ],
            "markers": "python_version >= '2.7' and python_version not in '3.0, 3.1, 3.2, 3.3'",
            "version": "==1.16.0"
        },
        "sqlparse": {
            "hashes": [
                "sha256:5430a4fe2ac7d0f93e66f1efc6e1338a41884b7ddf2a350cedd20ccc4d9d28f3",
                "sha256:d446183e84b8349fa3061f0fe7f06ca94ba65b426946ffebe6e3e8295332420c"
            ],
            "markers": "python_version >= '3.5'",
            "version": "==0.4.4"
        },
        "toposort": {
            "hashes": [
                "sha256:bfbb479c53d0a696ea7402601f4e693c97b0367837c8898bc6471adfca37a6bd",
                "sha256:cbdbc0d0bee4d2695ab2ceec97fe0679e9c10eab4b2a87a9372b929e70563a87"
            ],
            "version": "==1.10"
        },
        "typing-extensions": {
            "hashes": [
                "sha256:69b1a937c3a517342112fb4c6df7e72fc39a38e7891a5730ed4985b5214b5475",
                "sha256:b0abd7c89e8fb96f98db18d86106ff1d90ab692004eb746cf6eda2682f91b3cb"
            ],
            "markers": "python_version < '3.11'",
            "version": "==4.10.0"
        },
        "uuid": {
            "hashes": [
                "sha256:1f87cc004ac5120466f36c5beae48b4c48cc411968eed0eaecd3da82aa96193f"
            ],
            "index": "pypi",
            "version": "==1.30"
        },
        "zope.interface": {
            "hashes": [
                "sha256:02adbab560683c4eca3789cc0ac487dcc5f5a81cc48695ec247f00803cafe2fe",
                "sha256:14e02a6fc1772b458ebb6be1c276528b362041217b9ca37e52ecea2cbdce9fac",
                "sha256:25e0af9663eeac6b61b231b43c52293c2cb7f0c232d914bdcbfd3e3bd5c182ad",
                "sha256:2606955a06c6852a6cff4abeca38346ed01e83f11e960caa9a821b3626a4467b",
                "sha256:396f5c94654301819a7f3a702c5830f0ea7468d7b154d124ceac823e2419d000",
                "sha256:3b240883fb43160574f8f738e6d09ddbdbf8fa3e8cea051603d9edfd947d9328",
                "sha256:3b6c62813c63c543a06394a636978b22dffa8c5410affc9331ce6cdb5bfa8565",
                "sha256:4ae9793f114cee5c464cc0b821ae4d36e1eba961542c6086f391a61aee167b6f",
                "sha256:4bce517b85f5debe07b186fc7102b332676760f2e0c92b7185dd49c138734b70",
                "sha256:4d45d2ba8195850e3e829f1f0016066a122bfa362cc9dc212527fc3d51369037",
                "sha256:4dd374927c00764fcd6fe1046bea243ebdf403fba97a937493ae4be2c8912c2b",
                "sha256:506f5410b36e5ba494136d9fa04c548eaf1a0d9c442b0b0e7a0944db7620e0ab",
                "sha256:59f7374769b326a217d0b2366f1c176a45a4ff21e8f7cebb3b4a3537077eff85",
                "sha256:5ee9789a20b0081dc469f65ff6c5007e67a940d5541419ca03ef20c6213dd099",
                "sha256:6fc711acc4a1c702ca931fdbf7bf7c86f2a27d564c85c4964772dadf0e3c52f5",
                "sha256:75d2ec3d9b401df759b87bc9e19d1b24db73083147089b43ae748aefa63067ef",
                "sha256:76e0531d86523be7a46e15d379b0e975a9db84316617c0efe4af8338dc45b80c",
                "sha256:8af82afc5998e1f307d5e72712526dba07403c73a9e287d906a8aa2b1f2e33dd",
                "sha256:8f5d2c39f3283e461de3655e03faf10e4742bb87387113f787a7724f32db1e48",
                "sha256:97785604824981ec8c81850dd25c8071d5ce04717a34296eeac771231fbdd5cd",
                "sha256:a3046e8ab29b590d723821d0785598e0b2e32b636a0272a38409be43e3ae0550",
                "sha256:abb0b3f2cb606981c7432f690db23506b1db5899620ad274e29dbbbdd740e797",
                "sha256:ac7c2046d907e3b4e2605a130d162b1b783c170292a11216479bb1deb7cadebe",
                "sha256:af27b3fe5b6bf9cd01b8e1c5ddea0a0d0a1b8c37dc1c7452f1e90bf817539c6d",
                "sha256:b386b8b9d2b6a5e1e4eadd4e62335571244cb9193b7328c2b6e38b64cfda4f0e",
                "sha256:b66335bbdbb4c004c25ae01cc4a54fd199afbc1fd164233813c6d3c2293bb7e1",
                "sha256:d54f66c511ea01b9ef1d1a57420a93fbb9d48a08ec239f7d9c581092033156d0",
                "sha256:de125151a53ecdb39df3cb3deb9951ed834dd6a110a9e795d985b10bb6db4532",
                "sha256:de7916380abaef4bb4891740879b1afcba2045aee51799dfd6d6ca9bdc71f35f",
                "sha256:e2fefad268ff5c5b314794e27e359e48aeb9c8bb2cbb5748a071757a56f6bb8f",
                "sha256:e7b2bed4eea047a949296e618552d3fed00632dc1b795ee430289bdd0e3717f3",
                "sha256:e87698e2fea5ca2f0a99dff0a64ce8110ea857b640de536c76d92aaa2a91ff3a",
                "sha256:ede888382882f07b9e4cd942255921ffd9f2901684198b88e247c7eabd27a000",
                "sha256:f444de0565db46d26c9fa931ca14f497900a295bd5eba480fc3fad25af8c763e",
                "sha256:fa994e8937e8ccc7e87395b7b35092818905cf27c651e3ff3e7f29729f5ce3ce",
                "sha256:febceb04ee7dd2aef08c2ff3d6f8a07de3052fc90137c507b0ede3ea80c21440"
            ],
            "markers": "python_version >= '3.7'",
            "version": "==6.2"
        }
    },
    "develop": {}
}
